
Microsoft Visual Studio Solution File, Format Version 12.00
# Visual Studio 15
VisualStudioVersion = 15.0.27130.2027
MinimumVisualStudioVersion = 10.0.40219.1
Project("{FAE04EC0-301F-11D3-BF4B-00C04F79EFBC}") = "ConsoleApp1", "ConsoleApp1\ConsoleApp1.csproj", "{848AB6B7-5342-4816-94B1-5E13AC75CA7D}"
EndProject
Global
	GlobalSection(SolutionConfigurationPlatforms) = preSolution
		Debug|Any CPU = Debug|Any CPU
		Release|Any CPU = Release|Any CPU
	EndGlobalSection
	GlobalSection(ProjectConfigurationPlatforms) = postSolution
		{848AB6B7-5342-4816-94B1-5E13AC75CA7D}.Debug|Any CPU.ActiveCfg = Debug|Any CPU
		{848AB6B7-5342-4816-94B1-5E13AC75CA7D}.Debug|Any CPU.Build.0 = Debug|Any CPU
		{848AB6B7-5342-4816-94B1-5E13AC75CA7D}.Release|Any CPU.ActiveCfg = Release|Any CPU
		{848AB6B7-5342-4816-94B1-5E13AC75CA7D}.Release|Any CPU.Build.0 = Release|Any CPU
	EndGlobalSection
	GlobalSection(SolutionProperties) = preSolution
		HideSolutionNode = FALSE
	EndGlobalSection
	GlobalSection(ExtensibilityGlobals) = postSolution
		SolutionGuid = {97996B39-5662-4899-A8CA-86FBFF071EC7}
	EndGlobalSection
EndGlobal
